
Microsoft Visual Studio Solution File, Format Version 12.00
# Visual Studio Version 17
VisualStudioVersion = 17.3.32825.248
MinimumVisualStudioVersion = 10.0.40219.1
Project("{FAE04EC0-301F-11D3-BF4B-00C04F79EFBC}") = "QuickSortExample", "QuickSortExample.csproj", "{0B029000-5A38-4F4A-9576-23C055FFACB9}"
EndProject
Global
	GlobalSection(SolutionConfigurationPlatforms) = preSolution
		Debug|Any CPU = Debug|Any CPU
		Release|Any CPU = Release|Any CPU
	EndGlobalSection
	GlobalSection(ProjectConfigurationPlatforms) = postSolution
		{0B029000-5A38-4F4A-9576-23C055FFACB9}.Debug|Any CPU.ActiveCfg = Debug|Any CPU
		{0B029000-5A38-4F4A-9576-23C055FFACB9}.Debug|Any CPU.Build.0 = Debug|Any CPU
		{0B029000-5A38-4F4A-9576-23C055FFACB9}.Release|Any CPU.ActiveCfg = Release|Any CPU
		{0B029000-5A38-4F4A-9576-23C055FFACB9}.Release|Any CPU.Build.0 = Release|Any CPU
	EndGlobalSection
	GlobalSection(SolutionProperties) = preSolution
		HideSolutionNode = FALSE
	EndGlobalSection
	GlobalSection(ExtensibilityGlobals) = postSolution
		SolutionGuid = {73ADD757-EA95-428E-B0BE-F96C8E4E3D9D}
	EndGlobalSection
EndGlobal
